
Microsoft Visual Studio Solution File, Format Version 12.00
# Visual Studio Version 16
VisualStudioVersion = 16.0.32428.217
MinimumVisualStudioVersion = 10.0.40219.1
Project("{888888A0-9F3D-457C-B088-3A5042F75D52}") = "Calculatrice", "Calculatrice\Calculatrice.pyproj", "{70346581-BEAE-4342-8C8B-F0EB77352AB5}"
EndProject
Global
	GlobalSection(SolutionConfigurationPlatforms) = preSolution
		Debug|Any CPU = Debug|Any CPU
		Release|Any CPU = Release|Any CPU
	EndGlobalSection
	GlobalSection(ProjectConfigurationPlatforms) = postSolution
		{70346581-BEAE-4342-8C8B-F0EB77352AB5}.Debug|Any CPU.ActiveCfg = Debug|Any CPU
		{70346581-BEAE-4342-8C8B-F0EB77352AB5}.Release|Any CPU.ActiveCfg = Release|Any CPU
	EndGlobalSection
	GlobalSection(SolutionProperties) = preSolution
		HideSolutionNode = FALSE
	EndGlobalSection
	GlobalSection(ExtensibilityGlobals) = postSolution
		SolutionGuid = {8D9A9027-775A-4E21-A54A-D7218D078925}
	EndGlobalSection
EndGlobal
